
Microsoft Visual Studio Solution File, Format Version 12.00
# Visual Studio Version 17
VisualStudioVersion = 17.0.31903.59
MinimumVisualStudioVersion = 10.0.40219.1
Project("{F2A71F9B-5D33-465A-A702-920D77279786}") = "App.Data", "App.Data\App.Data.fsproj", "{5B86045D-4E8C-45B9-82A9-1DF2E8CB9B6E}"
EndProject
Project("{F2A71F9B-5D33-465A-A702-920D77279786}") = "App.Test", "App.Test\App.Test.fsproj", "{87322626-89C6-4817-BE1D-D09152D591C7}"
EndProject
Global
	GlobalSection(SolutionConfigurationPlatforms) = preSolution
		Debug|Any CPU = Debug|Any CPU
		Release|Any CPU = Release|Any CPU
	EndGlobalSection
	GlobalSection(SolutionProperties) = preSolution
		HideSolutionNode = FALSE
	EndGlobalSection
	GlobalSection(ProjectConfigurationPlatforms) = postSolution
		{5B86045D-4E8C-45B9-82A9-1DF2E8CB9B6E}.Debug|Any CPU.ActiveCfg = Debug|Any CPU
		{5B86045D-4E8C-45B9-82A9-1DF2E8CB9B6E}.Debug|Any CPU.Build.0 = Debug|Any CPU
		{5B86045D-4E8C-45B9-82A9-1DF2E8CB9B6E}.Release|Any CPU.ActiveCfg = Release|Any CPU
		{5B86045D-4E8C-45B9-82A9-1DF2E8CB9B6E}.Release|Any CPU.Build.0 = Release|Any CPU
		{87322626-89C6-4817-BE1D-D09152D591C7}.Debug|Any CPU.ActiveCfg = Debug|Any CPU
		{87322626-89C6-4817-BE1D-D09152D591C7}.Debug|Any CPU.Build.0 = Debug|Any CPU
		{87322626-89C6-4817-BE1D-D09152D591C7}.Release|Any CPU.ActiveCfg = Release|Any CPU
		{87322626-89C6-4817-BE1D-D09152D591C7}.Release|Any CPU.Build.0 = Release|Any CPU
	EndGlobalSection
EndGlobal
